
Microsoft Visual Studio Solution File, Format Version 12.00
# Visual Studio Version 17
VisualStudioVersion = 17.8.34408.163
MinimumVisualStudioVersion = 10.0.40219.1
Project("{FAE04EC0-301F-11D3-BF4B-00C04F79EFBC}") = "TaskTracker", "TaskTracker\TaskTracker.csproj", "{64549053-868D-4292-8E68-5EDBED555ACE}"
EndProject
Global
	GlobalSection(SolutionConfigurationPlatforms) = preSolution
		Debug|Any CPU = Debug|Any CPU
		Release|Any CPU = Release|Any CPU
	EndGlobalSection
	GlobalSection(ProjectConfigurationPlatforms) = postSolution
		{64549053-868D-4292-8E68-5EDBED555ACE}.Debug|Any CPU.ActiveCfg = Debug|Any CPU
		{64549053-868D-4292-8E68-5EDBED555ACE}.Debug|Any CPU.Build.0 = Debug|Any CPU
		{64549053-868D-4292-8E68-5EDBED555ACE}.Release|Any CPU.ActiveCfg = Release|Any CPU
		{64549053-868D-4292-8E68-5EDBED555ACE}.Release|Any CPU.Build.0 = Release|Any CPU
	EndGlobalSection
	GlobalSection(SolutionProperties) = preSolution
		HideSolutionNode = FALSE
	EndGlobalSection
	GlobalSection(ExtensibilityGlobals) = postSolution
		SolutionGuid = {90F1900D-E487-44F9-A20B-798D649890F4}
	EndGlobalSection
EndGlobal
